
Microsoft Visual Studio Solution File, Format Version 12.00
# Visual Studio Version 16
VisualStudioVersion = 16.0.31112.23
MinimumVisualStudioVersion = 10.0.40219.1
Project("{FAE04EC0-301F-11D3-BF4B-00C04F79EFBC}") = "WebApplication1", "WebApplication1\WebApplication1.csproj", "{3B05E94A-2B0C-4A29-902C-DB6F18F9188B}"
EndProject
Global
	GlobalSection(SolutionConfigurationPlatforms) = preSolution
		Debug|Any CPU = Debug|Any CPU
		Release|Any CPU = Release|Any CPU
	EndGlobalSection
	GlobalSection(ProjectConfigurationPlatforms) = postSolution
		{3B05E94A-2B0C-4A29-902C-DB6F18F9188B}.Debug|Any CPU.ActiveCfg = Debug|Any CPU
		{3B05E94A-2B0C-4A29-902C-DB6F18F9188B}.Debug|Any CPU.Build.0 = Debug|Any CPU
		{3B05E94A-2B0C-4A29-902C-DB6F18F9188B}.Release|Any CPU.ActiveCfg = Release|Any CPU
		{3B05E94A-2B0C-4A29-902C-DB6F18F9188B}.Release|Any CPU.Build.0 = Release|Any CPU
	EndGlobalSection
	GlobalSection(SolutionProperties) = preSolution
		HideSolutionNode = FALSE
	EndGlobalSection
	GlobalSection(ExtensibilityGlobals) = postSolution
		SolutionGuid = {779B0926-C0CC-4034-AE48-B076A0B68651}
	EndGlobalSection
EndGlobal
